
Microsoft Visual Studio Solution File, Format Version 12.00
# Visual Studio Version 16
VisualStudioVersion = 16.0.30621.155
MinimumVisualStudioVersion = 10.0.40219.1
Project("{FAE04EC0-301F-11D3-BF4B-00C04F79EFBC}") = "HelloWorldRazorPages", "HelloWorldRazorPages\HelloWorldRazorPages.csproj", "{0CA5D3E7-1F56-4D8D-B633-ADF3C4A719CC}"
EndProject
Global
	GlobalSection(SolutionConfigurationPlatforms) = preSolution
		Debug|Any CPU = Debug|Any CPU
		Release|Any CPU = Release|Any CPU
	EndGlobalSection
	GlobalSection(ProjectConfigurationPlatforms) = postSolution
		{0CA5D3E7-1F56-4D8D-B633-ADF3C4A719CC}.Debug|Any CPU.ActiveCfg = Debug|Any CPU
		{0CA5D3E7-1F56-4D8D-B633-ADF3C4A719CC}.Debug|Any CPU.Build.0 = Debug|Any CPU
		{0CA5D3E7-1F56-4D8D-B633-ADF3C4A719CC}.Release|Any CPU.ActiveCfg = Release|Any CPU
		{0CA5D3E7-1F56-4D8D-B633-ADF3C4A719CC}.Release|Any CPU.Build.0 = Release|Any CPU
	EndGlobalSection
	GlobalSection(SolutionProperties) = preSolution
		HideSolutionNode = FALSE
	EndGlobalSection
	GlobalSection(ExtensibilityGlobals) = postSolution
		SolutionGuid = {B08C63F8-253F-4A0F-A246-4C8363833083}
	EndGlobalSection
EndGlobal
